// !$*UTF8*$!
{
	archiveVersion = 1;
	classes = {
	};
	objectVersion = 46;
	objects = {

/* Begin PBXBuildFile section */
		8A0377FD16BFCD2F0096C448 /* Cocoa.framework in Frameworks */ = {isa = PBXBuildFile; fileRef = 8A0377FC16BFCD2F0096C448 /* Cocoa.framework */; };
		8A03780F16BFCE110096C448 /* GBMacros_Common.h in Headers */ = {isa = PBXBuildFile; fileRef = 8AD911C4162D9EE000C9D287 /* GBMacros_Common.h */; settings = {ATTRIBUTES = (Public, ); }; };
		8A03781116BFCE190096C448 /* GBToolbox.h in Headers */ = {isa = PBXBuildFile; fileRef = 8A03780916BFCD2F0096C448 /* GBToolbox.h */; settings = {ATTRIBUTES = (Public, ); }; };
		8A0C4E36165FA60C00A990FB /* SenTestingKit.framework in Frameworks */ = {isa = PBXBuildFile; fileRef = 8A0C4E35165FA60C00A990FB /* SenTestingKit.framework */; };
		8A0C4E37165FA60C00A990FB /* UIKit.framework in Frameworks */ = {isa = PBXBuildFile; fileRef = 8AD911C2162D9EBC00C9D287 /* UIKit.framework */; };
		8A0C4E38165FA60C00A990FB /* Foundation.framework in Frameworks */ = {isa = PBXBuildFile; fileRef = 8AD911B4162D9E2200C9D287 /* Foundation.framework */; };
		8A0C4E3E165FA60C00A990FB /* InfoPlist.strings in Resources */ = {isa = PBXBuildFile; fileRef = 8A0C4E3C165FA60C00A990FB /* InfoPlist.strings */; };
		8A0C4E41165FA60C00A990FB /* GBToolboxUnitTests.m in Sources */ = {isa = PBXBuildFile; fileRef = 8A0C4E40165FA60C00A990FB /* GBToolboxUnitTests.m */; };
		8A0C4E49165FA83400A990FB /* libGBToolbox.a in Frameworks */ = {isa = PBXBuildFile; fileRef = 8AD911B1162D9E2200C9D287 /* libGBToolbox.a */; };
		8A215D071743DDDA007C7DE2 /* GBConstants_Common.h in Headers */ = {isa = PBXBuildFile; fileRef = 8A215D051743DDDA007C7DE2 /* GBConstants_Common.h */; };
		8A215D081743DDDA007C7DE2 /* GBConstants_Common.m in Sources */ = {isa = PBXBuildFile; fileRef = 8A215D061743DDDA007C7DE2 /* GBConstants_Common.m */; };
		8A215D091743DDDA007C7DE2 /* GBConstants_Common.m in Sources */ = {isa = PBXBuildFile; fileRef = 8A215D061743DDDA007C7DE2 /* GBConstants_Common.m */; };
		8A215D0A1743DDDA007C7DE2 /* GBConstants_Common.m in Sources */ = {isa = PBXBuildFile; fileRef = 8A215D061743DDDA007C7DE2 /* GBConstants_Common.m */; };
		8A27D5FD16C8F3AA0071AE31 /* CALayer+GBToolbox.h in Headers */ = {isa = PBXBuildFile; fileRef = 8A27D5FB16C8F3AA0071AE31 /* CALayer+GBToolbox.h */; settings = {ATTRIBUTES = (Public, ); }; };
		8A27D5FE16C8F3AA0071AE31 /* CALayer+GBToolbox.m in Sources */ = {isa = PBXBuildFile; fileRef = 8A27D5FC16C8F3AA0071AE31 /* CALayer+GBToolbox.m */; };
		8A27D5FF16C8F3B50071AE31 /* CALayer+GBToolbox.m in Sources */ = {isa = PBXBuildFile; fileRef = 8A27D5FC16C8F3AA0071AE31 /* CALayer+GBToolbox.m */; };
		8A27D60216C8F5FC0071AE31 /* QuartzCore.framework in Frameworks */ = {isa = PBXBuildFile; fileRef = 8AF6878516B8057400FEF6A7 /* QuartzCore.framework */; };
		8A4043D8174CBF3400DF3166 /* UIView+GBToolbox.m in Sources */ = {isa = PBXBuildFile; fileRef = 8A4043D7174CBF3400DF3166 /* UIView+GBToolbox.m */; };
		8A4469901760A5F900F33E75 /* NSMutableDictionary+GBToolbox.h in Headers */ = {isa = PBXBuildFile; fileRef = 8A44698E1760A5F900F33E75 /* NSMutableDictionary+GBToolbox.h */; };
		8A4469911760A5F900F33E75 /* NSMutableDictionary+GBToolbox.m in Sources */ = {isa = PBXBuildFile; fileRef = 8A44698F1760A5F900F33E75 /* NSMutableDictionary+GBToolbox.m */; };
		8A4469921760A5F900F33E75 /* NSMutableDictionary+GBToolbox.m in Sources */ = {isa = PBXBuildFile; fileRef = 8A44698F1760A5F900F33E75 /* NSMutableDictionary+GBToolbox.m */; };
		8A4469951760A6D400F33E75 /* NSDictionary+GBToolbox.h in Headers */ = {isa = PBXBuildFile; fileRef = 8A4469931760A6D400F33E75 /* NSDictionary+GBToolbox.h */; };
		8A4469961760A6D400F33E75 /* NSDictionary+GBToolbox.m in Sources */ = {isa = PBXBuildFile; fileRef = 8A4469941760A6D400F33E75 /* NSDictionary+GBToolbox.m */; };
		8A4469971760A6D400F33E75 /* NSDictionary+GBToolbox.m in Sources */ = {isa = PBXBuildFile; fileRef = 8A4469941760A6D400F33E75 /* NSDictionary+GBToolbox.m */; };
		8A521B0B1701CCD600A89BE4 /* GBTypes_Common.h in Headers */ = {isa = PBXBuildFile; fileRef = 8AE8348716C9494A00546249 /* GBTypes_Common.h */; settings = {ATTRIBUTES = (Public, ); }; };
		8A521B0C1701CD1500A89BE4 /* GBTypes_OSX.h in Headers */ = {isa = PBXBuildFile; fileRef = 8AE8348916C9495800546249 /* GBTypes_OSX.h */; settings = {ATTRIBUTES = (Public, ); }; };
		8A521B0D1701CD1F00A89BE4 /* GBMacros_OSX.h in Headers */ = {isa = PBXBuildFile; fileRef = 8ACE944A16C11FF700527E0D /* GBMacros_OSX.h */; settings = {ATTRIBUTES = (Public, ); }; };
		8A66400C16F9CBB800FDD892 /* NSArray+GBToolbox.h in Headers */ = {isa = PBXBuildFile; fileRef = 8A66400A16F9CBB800FDD892 /* NSArray+GBToolbox.h */; settings = {ATTRIBUTES = (Public, ); }; };
		8A66400D16F9CBB800FDD892 /* NSArray+GBToolbox.m in Sources */ = {isa = PBXBuildFile; fileRef = 8A66400B16F9CBB800FDD892 /* NSArray+GBToolbox.m */; };
		8A66400E16F9CBB800FDD892 /* NSArray+GBToolbox.m in Sources */ = {isa = PBXBuildFile; fileRef = 8A66400B16F9CBB800FDD892 /* NSArray+GBToolbox.m */; };
		8A8402B816CBBC070017157C /* GBCustomViewButtonCell.h in Headers */ = {isa = PBXBuildFile; fileRef = 8A8402B616CBBC070017157C /* GBCustomViewButtonCell.h */; settings = {ATTRIBUTES = (Public, ); }; };
		8A8402B916CBBC070017157C /* GBCustomViewButtonCell.m in Sources */ = {isa = PBXBuildFile; fileRef = 8A8402B716CBBC070017157C /* GBCustomViewButtonCell.m */; };
		8A8402D216CBC4DB0017157C /* GBCustomImageButtonCell.h in Headers */ = {isa = PBXBuildFile; fileRef = 8A8402D016CBC4DB0017157C /* GBCustomImageButtonCell.h */; settings = {ATTRIBUTES = (Public, ); }; };
		8A8402D316CBC4DB0017157C /* GBCustomImageButtonCell.m in Sources */ = {isa = PBXBuildFile; fileRef = 8A8402D116CBC4DB0017157C /* GBCustomImageButtonCell.m */; };
		8A8402DA16CBE1FA0017157C /* GBGlowingImageButtonCell.h in Headers */ = {isa = PBXBuildFile; fileRef = 8A8402D816CBE1FA0017157C /* GBGlowingImageButtonCell.h */; settings = {ATTRIBUTES = (Public, ); }; };
		8A8402DB16CBE1FA0017157C /* GBGlowingImageButtonCell.m in Sources */ = {isa = PBXBuildFile; fileRef = 8A8402D916CBE1FA0017157C /* GBGlowingImageButtonCell.m */; };
		8A8402DE16CBE6490017157C /* GBSolidColorView.h in Headers */ = {isa = PBXBuildFile; fileRef = 8A8402DC16CBE6490017157C /* GBSolidColorView.h */; settings = {ATTRIBUTES = (Public, ); }; };
		8A8402DF16CBE6490017157C /* GBSolidColorView.m in Sources */ = {isa = PBXBuildFile; fileRef = 8A8402DD16CBE6490017157C /* GBSolidColorView.m */; };
		8ACE941716C1198900527E0D /* NSObject+GBToolbox.h in Headers */ = {isa = PBXBuildFile; fileRef = 8ACE941516C1198900527E0D /* NSObject+GBToolbox.h */; settings = {ATTRIBUTES = (Public, ); }; };
		8ACE941816C1198900527E0D /* NSObject+GBToolbox.m in Sources */ = {isa = PBXBuildFile; fileRef = 8ACE941616C1198900527E0D /* NSObject+GBToolbox.m */; };
		8ACE941916C1198900527E0D /* NSObject+GBToolbox.m in Sources */ = {isa = PBXBuildFile; fileRef = 8ACE941616C1198900527E0D /* NSObject+GBToolbox.m */; };
		8ACE941F16C11A2300527E0D /* UITableView+GBToolbox.m in Sources */ = {isa = PBXBuildFile; fileRef = 8ACE941B16C119D100527E0D /* UITableView+GBToolbox.m */; };
		8ACE942316C11A6200527E0D /* UIViewController+GBToolbox.m in Sources */ = {isa = PBXBuildFile; fileRef = 8ACE942116C11A6200527E0D /* UIViewController+GBToolbox.m */; };
		8ACE942716C11A9800527E0D /* NSTimer+GBToolbox.h in Headers */ = {isa = PBXBuildFile; fileRef = 8ACE942516C11A9800527E0D /* NSTimer+GBToolbox.h */; settings = {ATTRIBUTES = (Public, ); }; };
		8ACE942816C11A9800527E0D /* NSTimer+GBToolbox.m in Sources */ = {isa = PBXBuildFile; fileRef = 8ACE942616C11A9800527E0D /* NSTimer+GBToolbox.m */; };
		8ACE942916C11A9800527E0D /* NSTimer+GBToolbox.m in Sources */ = {isa = PBXBuildFile; fileRef = 8ACE942616C11A9800527E0D /* NSTimer+GBToolbox.m */; };
		8ACE942C16C11AE900527E0D /* NSData+GBToolbox.h in Headers */ = {isa = PBXBuildFile; fileRef = 8ACE942A16C11AE900527E0D /* NSData+GBToolbox.h */; settings = {ATTRIBUTES = (Public, ); }; };
		8ACE942D16C11AE900527E0D /* NSData+GBToolbox.m in Sources */ = {isa = PBXBuildFile; fileRef = 8ACE942B16C11AE900527E0D /* NSData+GBToolbox.m */; };
		8ACE942E16C11AE900527E0D /* NSData+GBToolbox.m in Sources */ = {isa = PBXBuildFile; fileRef = 8ACE942B16C11AE900527E0D /* NSData+GBToolbox.m */; };
		8ACE943116C11B1700527E0D /* UIImage+GBToolbox.m in Sources */ = {isa = PBXBuildFile; fileRef = 8ACE943016C11B1700527E0D /* UIImage+GBToolbox.m */; };
		8ACE943416C11B4C00527E0D /* NSString+GBToolbox.h in Headers */ = {isa = PBXBuildFile; fileRef = 8ACE943216C11B4C00527E0D /* NSString+GBToolbox.h */; settings = {ATTRIBUTES = (Public, ); }; };
		8ACE943516C11B4C00527E0D /* NSString+GBToolbox.m in Sources */ = {isa = PBXBuildFile; fileRef = 8ACE943316C11B4C00527E0D /* NSString+GBToolbox.m */; };
		8ACE943616C11B4C00527E0D /* NSString+GBToolbox.m in Sources */ = {isa = PBXBuildFile; fileRef = 8ACE943316C11B4C00527E0D /* NSString+GBToolbox.m */; };
		8ACE943916C11B7700527E0D /* NSImage+GBToolbox.h in Headers */ = {isa = PBXBuildFile; fileRef = 8ACE943716C11B7700527E0D /* NSImage+GBToolbox.h */; settings = {ATTRIBUTES = (Public, ); }; };
		8ACE943A16C11B7700527E0D /* NSImage+GBToolbox.m in Sources */ = {isa = PBXBuildFile; fileRef = 8ACE943816C11B7700527E0D /* NSImage+GBToolbox.m */; };
		8ACE943D16C11C2C00527E0D /* GBUtility_iOS.m in Sources */ = {isa = PBXBuildFile; fileRef = 8ACE943C16C11C2C00527E0D /* GBUtility_iOS.m */; };
		8ACE944016C11C5B00527E0D /* GBUtility_OSX.h in Headers */ = {isa = PBXBuildFile; fileRef = 8ACE943E16C11C5B00527E0D /* GBUtility_OSX.h */; settings = {ATTRIBUTES = (Public, ); }; };
		8ACE944116C11C5B00527E0D /* GBUtility_OSX.m in Sources */ = {isa = PBXBuildFile; fileRef = 8ACE943F16C11C5B00527E0D /* GBUtility_OSX.m */; };
		8ACE944416C11C6E00527E0D /* GBUtility_Common.h in Headers */ = {isa = PBXBuildFile; fileRef = 8ACE944216C11C6E00527E0D /* GBUtility_Common.h */; settings = {ATTRIBUTES = (Public, ); }; };
		8ACE944516C11C6E00527E0D /* GBUtility_Common.m in Sources */ = {isa = PBXBuildFile; fileRef = 8ACE944316C11C6E00527E0D /* GBUtility_Common.m */; };
		8ACE944616C11C6E00527E0D /* GBUtility_Common.m in Sources */ = {isa = PBXBuildFile; fileRef = 8ACE944316C11C6E00527E0D /* GBUtility_Common.m */; };
		8ACE94F116C12CC500527E0D /* NSView+GBToolbox.h in Headers */ = {isa = PBXBuildFile; fileRef = 8ACE94EF16C12CC400527E0D /* NSView+GBToolbox.h */; settings = {ATTRIBUTES = (Public, ); }; };
		8ACE94F216C12CC500527E0D /* NSView+GBToolbox.m in Sources */ = {isa = PBXBuildFile; fileRef = 8ACE94F016C12CC400527E0D /* NSView+GBToolbox.m */; };
		8AD911B5162D9E2200C9D287 /* Foundation.framework in Frameworks */ = {isa = PBXBuildFile; fileRef = 8AD911B4162D9E2200C9D287 /* Foundation.framework */; };
		8AD911C3162D9EBC00C9D287 /* UIKit.framework in Frameworks */ = {isa = PBXBuildFile; fileRef = 8AD911C2162D9EBC00C9D287 /* UIKit.framework */; };
		8AE8348016C941BC00546249 /* GBRadialGradientView.h in Headers */ = {isa = PBXBuildFile; fileRef = 8AE8347E16C941BC00546249 /* GBRadialGradientView.h */; settings = {ATTRIBUTES = (Public, ); }; };
		8AE8348116C941BC00546249 /* GBRadialGradientView.m in Sources */ = {isa = PBXBuildFile; fileRef = 8AE8347F16C941BC00546249 /* GBRadialGradientView.m */; };
		8AF6878416B8057000FEF6A7 /* CoreGraphics.framework in Frameworks */ = {isa = PBXBuildFile; fileRef = 8AF6878316B8057000FEF6A7 /* CoreGraphics.framework */; };
		8AF6878616B8057400FEF6A7 /* QuartzCore.framework in Frameworks */ = {isa = PBXBuildFile; fileRef = 8AF6878516B8057400FEF6A7 /* QuartzCore.framework */; };
		8AF6878716B8057C00FEF6A7 /* QuartzCore.framework in Frameworks */ = {isa = PBXBuildFile; fileRef = 8AF6878516B8057400FEF6A7 /* QuartzCore.framework */; };
		8AF6878816B8057C00FEF6A7 /* CoreGraphics.framework in Frameworks */ = {isa = PBXBuildFile; fileRef = 8AF6878316B8057000FEF6A7 /* CoreGraphics.framework */; };
		8AF78D8E173141BF00F61ECC /* GBFastArray.h in Headers */ = {isa = PBXBuildFile; fileRef = 8AF78D8C173141BF00F61ECC /* GBFastArray.h */; settings = {ATTRIBUTES = (Public, ); }; };
		8AF78D8F173141BF00F61ECC /* GBFastArray.m in Sources */ = {isa = PBXBuildFile; fileRef = 8AF78D8D173141BF00F61ECC /* GBFastArray.m */; };
		8AF78D90173141BF00F61ECC /* GBFastArray.m in Sources */ = {isa = PBXBuildFile; fileRef = 8AF78D8D173141BF00F61ECC /* GBFastArray.m */; };
		8AF8C6B216C00083005A5511 /* GBResizableImageView.h in Headers */ = {isa = PBXBuildFile; fileRef = 8AF8C6B016C00083005A5511 /* GBResizableImageView.h */; settings = {ATTRIBUTES = (Public, ); }; };
		8AF8C6B416C00083005A5511 /* GBResizableImageView.m in Sources */ = {isa = PBXBuildFile; fileRef = 8AF8C6B116C00083005A5511 /* GBResizableImageView.m */; };
		8AF92333174657BB00C8C9F4 /* NSMutableArray+GBToolbox.h in Headers */ = {isa = PBXBuildFile; fileRef = 8AF92331174657BB00C8C9F4 /* NSMutableArray+GBToolbox.h */; };
		8AF92334174657BB00C8C9F4 /* NSMutableArray+GBToolbox.m in Sources */ = {isa = PBXBuildFile; fileRef = 8AF92332174657BB00C8C9F4 /* NSMutableArray+GBToolbox.m */; };
		8AF92335174657BB00C8C9F4 /* NSMutableArray+GBToolbox.m in Sources */ = {isa = PBXBuildFile; fileRef = 8AF92332174657BB00C8C9F4 /* NSMutableArray+GBToolbox.m */; };
/* End PBXBuildFile section */

/* Begin PBXContainerItemProxy section */
		8A0C4E47165FA62900A990FB /* PBXContainerItemProxy */ = {
			isa = PBXContainerItemProxy;
			containerPortal = 8AD911A8162D9E2200C9D287 /* Project object */;
			proxyType = 1;
			remoteGlobalIDString = 8AD911B0162D9E2200C9D287;
			remoteInfo = GBToolbox;
		};
/* End PBXContainerItemProxy section */

/* Begin PBXCopyFilesBuildPhase section */
		8AD911AF162D9E2200C9D287 /* CopyFiles */ = {
			isa = PBXCopyFilesBuildPhase;
			buildActionMask = 2147483647;
			dstPath = "include/${PRODUCT_NAME}";
			dstSubfolderSpec = 16;
			files = (
			);
			runOnlyForDeploymentPostprocessing = 0;
		};
/* End PBXCopyFilesBuildPhase section */

/* Begin PBXFileReference section */
		8A0377FB16BFCD2F0096C448 /* GBToolbox.framework */ = {isa = PBXFileReference; explicitFileType = wrapper.framework; includeInIndex = 0; path = GBToolbox.framework; sourceTree = BUILT_PRODUCTS_DIR; };
		8A0377FC16BFCD2F0096C448 /* Cocoa.framework */ = {isa = PBXFileReference; lastKnownFileType = wrapper.framework; name = Cocoa.framework; path = Library/Frameworks/Cocoa.framework; sourceTree = DEVELOPER_DIR; };
		8A0377FF16BFCD2F0096C448 /* AppKit.framework */ = {isa = PBXFileReference; lastKnownFileType = wrapper.framework; name = AppKit.framework; path = Library/Frameworks/AppKit.framework; sourceTree = SDKROOT; };
		8A03780016BFCD2F0096C448 /* CoreData.framework */ = {isa = PBXFileReference; lastKnownFileType = wrapper.framework; name = CoreData.framework; path = Library/Frameworks/CoreData.framework; sourceTree = SDKROOT; };
		8A03780116BFCD2F0096C448 /* Foundation.framework */ = {isa = PBXFileReference; lastKnownFileType = wrapper.framework; name = Foundation.framework; path = Library/Frameworks/Foundation.framework; sourceTree = SDKROOT; };
		8A03780416BFCD2F0096C448 /* GBToolbox-Info.plist */ = {isa = PBXFileReference; lastKnownFileType = text.plist.xml; path = "GBToolbox-Info.plist"; sourceTree = "<group>"; };
		8A03780816BFCD2F0096C448 /* GBToolbox-Prefix.pch */ = {isa = PBXFileReference; lastKnownFileType = sourcecode.c.h; path = "GBToolbox-Prefix.pch"; sourceTree = "<group>"; };
		8A03780916BFCD2F0096C448 /* GBToolbox.h */ = {isa = PBXFileReference; lastKnownFileType = sourcecode.c.h; path = GBToolbox.h; sourceTree = "<group>"; };
		8A0C4E34165FA60C00A990FB /* GBToolboxUnitTests.octest */ = {isa = PBXFileReference; explicitFileType = wrapper.cfbundle; includeInIndex = 0; name = GBToolboxUnitTests.octest; path = "GBToolboxUnitTests-iOS.octest"; sourceTree = BUILT_PRODUCTS_DIR; };
		8A0C4E35165FA60C00A990FB /* SenTestingKit.framework */ = {isa = PBXFileReference; lastKnownFileType = wrapper.framework; name = SenTestingKit.framework; path = Library/Frameworks/SenTestingKit.framework; sourceTree = DEVELOPER_DIR; };
		8A0C4E3B165FA60C00A990FB /* GBToolboxUnitTests-Info.plist */ = {isa = PBXFileReference; lastKnownFileType = text.plist.xml; path = "GBToolboxUnitTests-Info.plist"; sourceTree = "<group>"; };
		8A0C4E3D165FA60C00A990FB /* en */ = {isa = PBXFileReference; lastKnownFileType = text.plist.strings; name = en; path = en.lproj/InfoPlist.strings; sourceTree = "<group>"; };
		8A0C4E3F165FA60C00A990FB /* GBToolboxUnitTests.h */ = {isa = PBXFileReference; lastKnownFileType = sourcecode.c.h; path = GBToolboxUnitTests.h; sourceTree = "<group>"; };
		8A0C4E40165FA60C00A990FB /* GBToolboxUnitTests.m */ = {isa = PBXFileReference; lastKnownFileType = sourcecode.c.objc; path = GBToolboxUnitTests.m; sourceTree = "<group>"; };
		8A0C4E42165FA60C00A990FB /* GBToolboxUnitTests-Prefix.pch */ = {isa = PBXFileReference; lastKnownFileType = sourcecode.c.h; path = "GBToolboxUnitTests-Prefix.pch"; sourceTree = "<group>"; };
		8A215D051743DDDA007C7DE2 /* GBConstants_Common.h */ = {isa = PBXFileReference; fileEncoding = 4; lastKnownFileType = sourcecode.c.h; path = GBConstants_Common.h; sourceTree = "<group>"; };
		8A215D061743DDDA007C7DE2 /* GBConstants_Common.m */ = {isa = PBXFileReference; fileEncoding = 4; lastKnownFileType = sourcecode.c.objc; path = GBConstants_Common.m; sourceTree = "<group>"; };
		8A27D5FB16C8F3AA0071AE31 /* CALayer+GBToolbox.h */ = {isa = PBXFileReference; fileEncoding = 4; lastKnownFileType = sourcecode.c.h; path = "CALayer+GBToolbox.h"; sourceTree = "<group>"; };
		8A27D5FC16C8F3AA0071AE31 /* CALayer+GBToolbox.m */ = {isa = PBXFileReference; fileEncoding = 4; lastKnownFileType = sourcecode.c.objc; path = "CALayer+GBToolbox.m"; sourceTree = "<group>"; };
		8A4043D6174CBF3400DF3166 /* UIView+GBToolbox.h */ = {isa = PBXFileReference; fileEncoding = 4; lastKnownFileType = sourcecode.c.h; path = "UIView+GBToolbox.h"; sourceTree = "<group>"; };
		8A4043D7174CBF3400DF3166 /* UIView+GBToolbox.m */ = {isa = PBXFileReference; fileEncoding = 4; lastKnownFileType = sourcecode.c.objc; path = "UIView+GBToolbox.m"; sourceTree = "<group>"; };
		8A44698E1760A5F900F33E75 /* NSMutableDictionary+GBToolbox.h */ = {isa = PBXFileReference; fileEncoding = 4; lastKnownFileType = sourcecode.c.h; path = "NSMutableDictionary+GBToolbox.h"; sourceTree = "<group>"; };
		8A44698F1760A5F900F33E75 /* NSMutableDictionary+GBToolbox.m */ = {isa = PBXFileReference; fileEncoding = 4; lastKnownFileType = sourcecode.c.objc; path = "NSMutableDictionary+GBToolbox.m"; sourceTree = "<group>"; };
		8A4469931760A6D400F33E75 /* NSDictionary+GBToolbox.h */ = {isa = PBXFileReference; fileEncoding = 4; lastKnownFileType = sourcecode.c.h; path = "NSDictionary+GBToolbox.h"; sourceTree = "<group>"; };
		8A4469941760A6D400F33E75 /* NSDictionary+GBToolbox.m */ = {isa = PBXFileReference; fileEncoding = 4; lastKnownFileType = sourcecode.c.objc; path = "NSDictionary+GBToolbox.m"; sourceTree = "<group>"; };
		8A66400A16F9CBB800FDD892 /* NSArray+GBToolbox.h */ = {isa = PBXFileReference; fileEncoding = 4; lastKnownFileType = sourcecode.c.h; path = "NSArray+GBToolbox.h"; sourceTree = "<group>"; };
		8A66400B16F9CBB800FDD892 /* NSArray+GBToolbox.m */ = {isa = PBXFileReference; fileEncoding = 4; lastKnownFileType = sourcecode.c.objc; path = "NSArray+GBToolbox.m"; sourceTree = "<group>"; };
		8A8402B616CBBC070017157C /* GBCustomViewButtonCell.h */ = {isa = PBXFileReference; fileEncoding = 4; lastKnownFileType = sourcecode.c.h; path = GBCustomViewButtonCell.h; sourceTree = "<group>"; };
		8A8402B716CBBC070017157C /* GBCustomViewButtonCell.m */ = {isa = PBXFileReference; fileEncoding = 4; lastKnownFileType = sourcecode.c.objc; path = GBCustomViewButtonCell.m; sourceTree = "<group>"; };
		8A8402D016CBC4DB0017157C /* GBCustomImageButtonCell.h */ = {isa = PBXFileReference; fileEncoding = 4; lastKnownFileType = sourcecode.c.h; path = GBCustomImageButtonCell.h; sourceTree = "<group>"; };
		8A8402D116CBC4DB0017157C /* GBCustomImageButtonCell.m */ = {isa = PBXFileReference; fileEncoding = 4; lastKnownFileType = sourcecode.c.objc; path = GBCustomImageButtonCell.m; sourceTree = "<group>"; };
		8A8402D816CBE1FA0017157C /* GBGlowingImageButtonCell.h */ = {isa = PBXFileReference; fileEncoding = 4; lastKnownFileType = sourcecode.c.h; path = GBGlowingImageButtonCell.h; sourceTree = "<group>"; };
		8A8402D916CBE1FA0017157C /* GBGlowingImageButtonCell.m */ = {isa = PBXFileReference; fileEncoding = 4; lastKnownFileType = sourcecode.c.objc; path = GBGlowingImageButtonCell.m; sourceTree = "<group>"; };
		8A8402DC16CBE6490017157C /* GBSolidColorView.h */ = {isa = PBXFileReference; fileEncoding = 4; lastKnownFileType = sourcecode.c.h; path = GBSolidColorView.h; sourceTree = "<group>"; };
		8A8402DD16CBE6490017157C /* GBSolidColorView.m */ = {isa = PBXFileReference; fileEncoding = 4; lastKnownFileType = sourcecode.c.objc; path = GBSolidColorView.m; sourceTree = "<group>"; };
		8ACE941516C1198900527E0D /* NSObject+GBToolbox.h */ = {isa = PBXFileReference; fileEncoding = 4; lastKnownFileType = sourcecode.c.h; path = "NSObject+GBToolbox.h"; sourceTree = "<group>"; };
		8ACE941616C1198900527E0D /* NSObject+GBToolbox.m */ = {isa = PBXFileReference; fileEncoding = 4; lastKnownFileType = sourcecode.c.objc; path = "NSObject+GBToolbox.m"; sourceTree = "<group>"; };
		8ACE941A16C119D100527E0D /* UITableView+GBToolbox.h */ = {isa = PBXFileReference; fileEncoding = 4; lastKnownFileType = sourcecode.c.h; path = "UITableView+GBToolbox.h"; sourceTree = "<group>"; };
		8ACE941B16C119D100527E0D /* UITableView+GBToolbox.m */ = {isa = PBXFileReference; fileEncoding = 4; lastKnownFileType = sourcecode.c.objc; path = "UITableView+GBToolbox.m"; sourceTree = "<group>"; };
		8ACE942016C11A6200527E0D /* UIViewController+GBToolbox.h */ = {isa = PBXFileReference; fileEncoding = 4; lastKnownFileType = sourcecode.c.h; path = "UIViewController+GBToolbox.h"; sourceTree = "<group>"; };
		8ACE942116C11A6200527E0D /* UIViewController+GBToolbox.m */ = {isa = PBXFileReference; fileEncoding = 4; lastKnownFileType = sourcecode.c.objc; path = "UIViewController+GBToolbox.m"; sourceTree = "<group>"; };
		8ACE942516C11A9800527E0D /* NSTimer+GBToolbox.h */ = {isa = PBXFileReference; fileEncoding = 4; lastKnownFileType = sourcecode.c.h; path = "NSTimer+GBToolbox.h"; sourceTree = "<group>"; };
		8ACE942616C11A9800527E0D /* NSTimer+GBToolbox.m */ = {isa = PBXFileReference; fileEncoding = 4; lastKnownFileType = sourcecode.c.objc; path = "NSTimer+GBToolbox.m"; sourceTree = "<group>"; };
		8ACE942A16C11AE900527E0D /* NSData+GBToolbox.h */ = {isa = PBXFileReference; fileEncoding = 4; lastKnownFileType = sourcecode.c.h; path = "NSData+GBToolbox.h"; sourceTree = "<group>"; };
		8ACE942B16C11AE900527E0D /* NSData+GBToolbox.m */ = {isa = PBXFileReference; fileEncoding = 4; lastKnownFileType = sourcecode.c.objc; path = "NSData+GBToolbox.m"; sourceTree = "<group>"; };
		8ACE942F16C11B1700527E0D /* UIImage+GBToolbox.h */ = {isa = PBXFileReference; fileEncoding = 4; lastKnownFileType = sourcecode.c.h; path = "UIImage+GBToolbox.h"; sourceTree = "<group>"; };
		8ACE943016C11B1700527E0D /* UIImage+GBToolbox.m */ = {isa = PBXFileReference; fileEncoding = 4; lastKnownFileType = sourcecode.c.objc; path = "UIImage+GBToolbox.m"; sourceTree = "<group>"; };
		8ACE943216C11B4C00527E0D /* NSString+GBToolbox.h */ = {isa = PBXFileReference; fileEncoding = 4; lastKnownFileType = sourcecode.c.h; path = "NSString+GBToolbox.h"; sourceTree = "<group>"; };
		8ACE943316C11B4C00527E0D /* NSString+GBToolbox.m */ = {isa = PBXFileReference; fileEncoding = 4; lastKnownFileType = sourcecode.c.objc; path = "NSString+GBToolbox.m"; sourceTree = "<group>"; };
		8ACE943716C11B7700527E0D /* NSImage+GBToolbox.h */ = {isa = PBXFileReference; fileEncoding = 4; lastKnownFileType = sourcecode.c.h; path = "NSImage+GBToolbox.h"; sourceTree = "<group>"; };
		8ACE943816C11B7700527E0D /* NSImage+GBToolbox.m */ = {isa = PBXFileReference; fileEncoding = 4; lastKnownFileType = sourcecode.c.objc; path = "NSImage+GBToolbox.m"; sourceTree = "<group>"; };
		8ACE943B16C11C2C00527E0D /* GBUtility_iOS.h */ = {isa = PBXFileReference; fileEncoding = 4; lastKnownFileType = sourcecode.c.h; path = GBUtility_iOS.h; sourceTree = "<group>"; };
		8ACE943C16C11C2C00527E0D /* GBUtility_iOS.m */ = {isa = PBXFileReference; fileEncoding = 4; lastKnownFileType = sourcecode.c.objc; path = GBUtility_iOS.m; sourceTree = "<group>"; };
		8ACE943E16C11C5B00527E0D /* GBUtility_OSX.h */ = {isa = PBXFileReference; fileEncoding = 4; lastKnownFileType = sourcecode.c.h; path = GBUtility_OSX.h; sourceTree = "<group>"; };
		8ACE943F16C11C5B00527E0D /* GBUtility_OSX.m */ = {isa = PBXFileReference; fileEncoding = 4; lastKnownFileType = sourcecode.c.objc; path = GBUtility_OSX.m; sourceTree = "<group>"; };
		8ACE944216C11C6E00527E0D /* GBUtility_Common.h */ = {isa = PBXFileReference; fileEncoding = 4; lastKnownFileType = sourcecode.c.h; path = GBUtility_Common.h; sourceTree = "<group>"; };
		8ACE944316C11C6E00527E0D /* GBUtility_Common.m */ = {isa = PBXFileReference; fileEncoding = 4; lastKnownFileType = sourcecode.c.objc; path = GBUtility_Common.m; sourceTree = "<group>"; };
		8ACE944916C11FE900527E0D /* GBMacros_iOS.h */ = {isa = PBXFileReference; lastKnownFileType = sourcecode.c.h; path = GBMacros_iOS.h; sourceTree = "<group>"; };
		8ACE944A16C11FF700527E0D /* GBMacros_OSX.h */ = {isa = PBXFileReference; lastKnownFileType = sourcecode.c.h; path = GBMacros_OSX.h; sourceTree = "<group>"; };
		8ACE94EF16C12CC400527E0D /* NSView+GBToolbox.h */ = {isa = PBXFileReference; fileEncoding = 4; lastKnownFileType = sourcecode.c.h; path = "NSView+GBToolbox.h"; sourceTree = "<group>"; };
		8ACE94F016C12CC400527E0D /* NSView+GBToolbox.m */ = {isa = PBXFileReference; fileEncoding = 4; lastKnownFileType = sourcecode.c.objc; path = "NSView+GBToolbox.m"; sourceTree = "<group>"; };
		8AD911B1162D9E2200C9D287 /* libGBToolbox.a */ = {isa = PBXFileReference; explicitFileType = archive.ar; includeInIndex = 0; path = libGBToolbox.a; sourceTree = BUILT_PRODUCTS_DIR; };
		8AD911B4162D9E2200C9D287 /* Foundation.framework */ = {isa = PBXFileReference; lastKnownFileType = wrapper.framework; name = Foundation.framework; path = System/Library/Frameworks/Foundation.framework; sourceTree = SDKROOT; };
		8AD911C2162D9EBC00C9D287 /* UIKit.framework */ = {isa = PBXFileReference; lastKnownFileType = wrapper.framework; name = UIKit.framework; path = System/Library/Frameworks/UIKit.framework; sourceTree = SDKROOT; };
		8AD911C4162D9EE000C9D287 /* GBMacros_Common.h */ = {isa = PBXFileReference; lastKnownFileType = sourcecode.c.h; path = GBMacros_Common.h; sourceTree = "<group>"; };
		8AE8347E16C941BC00546249 /* GBRadialGradientView.h */ = {isa = PBXFileReference; fileEncoding = 4; lastKnownFileType = sourcecode.c.h; path = GBRadialGradientView.h; sourceTree = "<group>"; };
		8AE8347F16C941BC00546249 /* GBRadialGradientView.m */ = {isa = PBXFileReference; fileEncoding = 4; lastKnownFileType = sourcecode.c.objc; path = GBRadialGradientView.m; sourceTree = "<group>"; };
		8AE8348716C9494A00546249 /* GBTypes_Common.h */ = {isa = PBXFileReference; lastKnownFileType = sourcecode.c.h; path = GBTypes_Common.h; sourceTree = "<group>"; };
		8AE8348816C9495100546249 /* GBTypes_iOS.h */ = {isa = PBXFileReference; lastKnownFileType = sourcecode.c.h; path = GBTypes_iOS.h; sourceTree = "<group>"; };
		8AE8348916C9495800546249 /* GBTypes_OSX.h */ = {isa = PBXFileReference; lastKnownFileType = sourcecode.c.h; path = GBTypes_OSX.h; sourceTree = "<group>"; };
		8AF6878316B8057000FEF6A7 /* CoreGraphics.framework */ = {isa = PBXFileReference; lastKnownFileType = wrapper.framework; name = CoreGraphics.framework; path = System/Library/Frameworks/CoreGraphics.framework; sourceTree = SDKROOT; };
		8AF6878516B8057400FEF6A7 /* QuartzCore.framework */ = {isa = PBXFileReference; lastKnownFileType = wrapper.framework; name = QuartzCore.framework; path = System/Library/Frameworks/QuartzCore.framework; sourceTree = SDKROOT; };
		8AF78D8C173141BF00F61ECC /* GBFastArray.h */ = {isa = PBXFileReference; fileEncoding = 4; lastKnownFileType = sourcecode.c.h; path = GBFastArray.h; sourceTree = "<group>"; };
		8AF78D8D173141BF00F61ECC /* GBFastArray.m */ = {isa = PBXFileReference; fileEncoding = 4; lastKnownFileType = sourcecode.c.objc; path = GBFastArray.m; sourceTree = "<group>"; };
		8AF8C6B016C00083005A5511 /* GBResizableImageView.h */ = {isa = PBXFileReference; fileEncoding = 4; lastKnownFileType = sourcecode.c.h; path = GBResizableImageView.h; sourceTree = "<group>"; };
		8AF8C6B116C00083005A5511 /* GBResizableImageView.m */ = {isa = PBXFileReference; fileEncoding = 4; lastKnownFileType = sourcecode.c.objc; path = GBResizableImageView.m; sourceTree = "<group>"; };
		8AF92331174657BB00C8C9F4 /* NSMutableArray+GBToolbox.h */ = {isa = PBXFileReference; fileEncoding = 4; lastKnownFileType = sourcecode.c.h; path = "NSMutableArray+GBToolbox.h"; sourceTree = "<group>"; };
		8AF92332174657BB00C8C9F4 /* NSMutableArray+GBToolbox.m */ = {isa = PBXFileReference; fileEncoding = 4; lastKnownFileType = sourcecode.c.objc; path = "NSMutableArray+GBToolbox.m"; sourceTree = "<group>"; };
/* End PBXFileReference section */

/* Begin PBXFrameworksBuildPhase section */
		8A0377F716BFCD2F0096C448 /* Frameworks */ = {
			isa = PBXFrameworksBuildPhase;
			buildActionMask = 2147483647;
			files = (
				8A0377FD16BFCD2F0096C448 /* Cocoa.framework in Frameworks */,
				8A27D60216C8F5FC0071AE31 /* QuartzCore.framework in Frameworks */,
			);
			runOnlyForDeploymentPostprocessing = 0;
		};
		8A0C4E30165FA60C00A990FB /* Frameworks */ = {
			isa = PBXFrameworksBuildPhase;
			buildActionMask = 2147483647;
			files = (
				8A0C4E49165FA83400A990FB /* libGBToolbox.a in Frameworks */,
				8A0C4E36165FA60C00A990FB /* SenTestingKit.framework in Frameworks */,
				8A0C4E37165FA60C00A990FB /* UIKit.framework in Frameworks */,
				8A0C4E38165FA60C00A990FB /* Foundation.framework in Frameworks */,
				8AF6878716B8057C00FEF6A7 /* QuartzCore.framework in Frameworks */,
				8AF6878816B8057C00FEF6A7 /* CoreGraphics.framework in Frameworks */,
			);
			runOnlyForDeploymentPostprocessing = 0;
		};
		8AD911AE162D9E2200C9D287 /* Frameworks */ = {
			isa = PBXFrameworksBuildPhase;
			buildActionMask = 2147483647;
			files = (
				8AF6878616B8057400FEF6A7 /* QuartzCore.framework in Frameworks */,
				8AF6878416B8057000FEF6A7 /* CoreGraphics.framework in Frameworks */,
				8AD911C3162D9EBC00C9D287 /* UIKit.framework in Frameworks */,
				8AD911B5162D9E2200C9D287 /* Foundation.framework in Frameworks */,
			);
			runOnlyForDeploymentPostprocessing = 0;
		};
/* End PBXFrameworksBuildPhase section */

/* Begin PBXGroup section */
		8A0377FE16BFCD2F0096C448 /* Other Frameworks */ = {
			isa = PBXGroup;
			children = (
				8A0377FF16BFCD2F0096C448 /* AppKit.framework */,
				8A03780016BFCD2F0096C448 /* CoreData.framework */,
				8A03780116BFCD2F0096C448 /* Foundation.framework */,
			);
			name = "Other Frameworks";
			sourceTree = "<group>";
		};
		8A03780216BFCD2F0096C448 /* GBToolbox */ = {
			isa = PBXGroup;
			children = (
				8ACE944716C11E1F00527E0D /* Header */,
				8A215D041743DDC9007C7DE2 /* Constants */,
				8AE8348216C948F600546249 /* Types */,
				8ACE941316C1193A00527E0D /* Macros */,
				8ACE944816C11E3E00527E0D /* Utility */,
				8ACE941216C1192E00527E0D /* Classes */,
				8ACE941416C1197600527E0D /* Categories */,
				8A03780316BFCD2F0096C448 /* Supporting Files */,
			);
			path = GBToolbox;
			sourceTree = "<group>";
		};
		8A03780316BFCD2F0096C448 /* Supporting Files */ = {
			isa = PBXGroup;
			children = (
				8A03780416BFCD2F0096C448 /* GBToolbox-Info.plist */,
				8A03780816BFCD2F0096C448 /* GBToolbox-Prefix.pch */,
			);
			name = "Supporting Files";
			sourceTree = "<group>";
		};
		8A0C4E39165FA60C00A990FB /* GBToolboxUnitTests */ = {
			isa = PBXGroup;
			children = (
				8A0C4E3F165FA60C00A990FB /* GBToolboxUnitTests.h */,
				8A0C4E40165FA60C00A990FB /* GBToolboxUnitTests.m */,
				8A0C4E3A165FA60C00A990FB /* Supporting Files */,
			);
			path = GBToolboxUnitTests;
			sourceTree = "<group>";
		};
		8A0C4E3A165FA60C00A990FB /* Supporting Files */ = {
			isa = PBXGroup;
			children = (
				8A0C4E3B165FA60C00A990FB /* GBToolboxUnitTests-Info.plist */,
				8A0C4E3C165FA60C00A990FB /* InfoPlist.strings */,
				8A0C4E42165FA60C00A990FB /* GBToolboxUnitTests-Prefix.pch */,
			);
			name = "Supporting Files";
			sourceTree = "<group>";
		};
		8A215D041743DDC9007C7DE2 /* Constants */ = {
			isa = PBXGroup;
			children = (
				8A215D051743DDDA007C7DE2 /* GBConstants_Common.h */,
				8A215D061743DDDA007C7DE2 /* GBConstants_Common.m */,
			);
			name = Constants;
			sourceTree = "<group>";
		};
		8ACE941216C1192E00527E0D /* Classes */ = {
			isa = PBXGroup;
			children = (
				8AF78D8B1731419C00F61ECC /* General */,
				8AF78D8A1731419600F61ECC /* UI */,
			);
			name = Classes;
			sourceTree = "<group>";
		};
		8ACE941316C1193A00527E0D /* Macros */ = {
			isa = PBXGroup;
			children = (
				8AD911C4162D9EE000C9D287 /* GBMacros_Common.h */,
				8ACE944916C11FE900527E0D /* GBMacros_iOS.h */,
				8ACE944A16C11FF700527E0D /* GBMacros_OSX.h */,
			);
			name = Macros;
			sourceTree = "<group>";
		};
		8ACE941416C1197600527E0D /* Categories */ = {
			isa = PBXGroup;
			children = (
				8ACE941516C1198900527E0D /* NSObject+GBToolbox.h */,
				8ACE941616C1198900527E0D /* NSObject+GBToolbox.m */,
				8ACE941A16C119D100527E0D /* UITableView+GBToolbox.h */,
				8ACE941B16C119D100527E0D /* UITableView+GBToolbox.m */,
				8ACE942016C11A6200527E0D /* UIViewController+GBToolbox.h */,
				8ACE942116C11A6200527E0D /* UIViewController+GBToolbox.m */,
				8A4043D6174CBF3400DF3166 /* UIView+GBToolbox.h */,
				8A4043D7174CBF3400DF3166 /* UIView+GBToolbox.m */,
				8ACE942516C11A9800527E0D /* NSTimer+GBToolbox.h */,
				8ACE942616C11A9800527E0D /* NSTimer+GBToolbox.m */,
				8ACE942A16C11AE900527E0D /* NSData+GBToolbox.h */,
				8ACE942B16C11AE900527E0D /* NSData+GBToolbox.m */,
				8ACE942F16C11B1700527E0D /* UIImage+GBToolbox.h */,
				8ACE943016C11B1700527E0D /* UIImage+GBToolbox.m */,
				8ACE943216C11B4C00527E0D /* NSString+GBToolbox.h */,
				8ACE943316C11B4C00527E0D /* NSString+GBToolbox.m */,
				8ACE943716C11B7700527E0D /* NSImage+GBToolbox.h */,
				8ACE943816C11B7700527E0D /* NSImage+GBToolbox.m */,
				8ACE94EF16C12CC400527E0D /* NSView+GBToolbox.h */,
				8ACE94F016C12CC400527E0D /* NSView+GBToolbox.m */,
				8A27D5FB16C8F3AA0071AE31 /* CALayer+GBToolbox.h */,
				8A27D5FC16C8F3AA0071AE31 /* CALayer+GBToolbox.m */,
				8A66400A16F9CBB800FDD892 /* NSArray+GBToolbox.h */,
				8A66400B16F9CBB800FDD892 /* NSArray+GBToolbox.m */,
				8AF92331174657BB00C8C9F4 /* NSMutableArray+GBToolbox.h */,
				8AF92332174657BB00C8C9F4 /* NSMutableArray+GBToolbox.m */,
				8A4469931760A6D400F33E75 /* NSDictionary+GBToolbox.h */,
				8A4469941760A6D400F33E75 /* NSDictionary+GBToolbox.m */,
				8A44698E1760A5F900F33E75 /* NSMutableDictionary+GBToolbox.h */,
				8A44698F1760A5F900F33E75 /* NSMutableDictionary+GBToolbox.m */,
			);
			name = Categories;
			sourceTree = "<group>";
		};
		8ACE944716C11E1F00527E0D /* Header */ = {
			isa = PBXGroup;
			children = (
				8A03780916BFCD2F0096C448 /* GBToolbox.h */,
			);
			name = Header;
			sourceTree = "<group>";
		};
		8ACE944816C11E3E00527E0D /* Utility */ = {
			isa = PBXGroup;
			children = (
				8ACE944216C11C6E00527E0D /* GBUtility_Common.h */,
				8ACE944316C11C6E00527E0D /* GBUtility_Common.m */,
				8ACE943B16C11C2C00527E0D /* GBUtility_iOS.h */,
				8ACE943C16C11C2C00527E0D /* GBUtility_iOS.m */,
				8ACE943E16C11C5B00527E0D /* GBUtility_OSX.h */,
				8ACE943F16C11C5B00527E0D /* GBUtility_OSX.m */,
			);
			name = Utility;
			sourceTree = "<group>";
		};
		8AD911A6162D9E2200C9D287 = {
			isa = PBXGroup;
			children = (
				8A0C4E39165FA60C00A990FB /* GBToolboxUnitTests */,
				8A03780216BFCD2F0096C448 /* GBToolbox */,
				8AD911B3162D9E2200C9D287 /* Frameworks */,
				8AD911B2162D9E2200C9D287 /* Products */,
			);
			sourceTree = "<group>";
		};
		8AD911B2162D9E2200C9D287 /* Products */ = {
			isa = PBXGroup;
			children = (
				8AD911B1162D9E2200C9D287 /* libGBToolbox.a */,
				8A0C4E34165FA60C00A990FB /* GBToolboxUnitTests.octest */,
				8A0377FB16BFCD2F0096C448 /* GBToolbox.framework */,
			);
			name = Products;
			sourceTree = "<group>";
		};
		8AD911B3162D9E2200C9D287 /* Frameworks */ = {
			isa = PBXGroup;
			children = (
				8AF6878516B8057400FEF6A7 /* QuartzCore.framework */,
				8AF6878316B8057000FEF6A7 /* CoreGraphics.framework */,
				8AD911C2162D9EBC00C9D287 /* UIKit.framework */,
				8AD911B4162D9E2200C9D287 /* Foundation.framework */,
				8A0C4E35165FA60C00A990FB /* SenTestingKit.framework */,
				8A0377FC16BFCD2F0096C448 /* Cocoa.framework */,
				8A0377FE16BFCD2F0096C448 /* Other Frameworks */,
			);
			name = Frameworks;
			sourceTree = "<group>";
		};
		8AE8348216C948F600546249 /* Types */ = {
			isa = PBXGroup;
			children = (
				8AE8348716C9494A00546249 /* GBTypes_Common.h */,
				8AE8348816C9495100546249 /* GBTypes_iOS.h */,
				8AE8348916C9495800546249 /* GBTypes_OSX.h */,
			);
			name = Types;
			sourceTree = "<group>";
		};
		8AF78D8A1731419600F61ECC /* UI */ = {
			isa = PBXGroup;
			children = (
				8AF8C6B016C00083005A5511 /* GBResizableImageView.h */,
				8AF8C6B116C00083005A5511 /* GBResizableImageView.m */,
				8AE8347E16C941BC00546249 /* GBRadialGradientView.h */,
				8AE8347F16C941BC00546249 /* GBRadialGradientView.m */,
				8A8402B616CBBC070017157C /* GBCustomViewButtonCell.h */,
				8A8402B716CBBC070017157C /* GBCustomViewButtonCell.m */,
				8A8402D016CBC4DB0017157C /* GBCustomImageButtonCell.h */,
				8A8402D116CBC4DB0017157C /* GBCustomImageButtonCell.m */,
				8A8402D816CBE1FA0017157C /* GBGlowingImageButtonCell.h */,
				8A8402D916CBE1FA0017157C /* GBGlowingImageButtonCell.m */,
				8A8402DC16CBE6490017157C /* GBSolidColorView.h */,
				8A8402DD16CBE6490017157C /* GBSolidColorView.m */,
			);
			name = UI;
			sourceTree = "<group>";
		};
		8AF78D8B1731419C00F61ECC /* General */ = {
			isa = PBXGroup;
			children = (
				8AF78D8C173141BF00F61ECC /* GBFastArray.h */,
				8AF78D8D173141BF00F61ECC /* GBFastArray.m */,
			);
			name = General;
			sourceTree = "<group>";
		};
/* End PBXGroup section */

/* Begin PBXHeadersBuildPhase section */
		8A0377F816BFCD2F0096C448 /* Headers */ = {
			isa = PBXHeadersBuildPhase;
			buildActionMask = 2147483647;
			files = (
				8A03781116BFCE190096C448 /* GBToolbox.h in Headers */,
				8A03780F16BFCE110096C448 /* GBMacros_Common.h in Headers */,
				8AF8C6B216C00083005A5511 /* GBResizableImageView.h in Headers */,
				8ACE941716C1198900527E0D /* NSObject+GBToolbox.h in Headers */,
				8ACE942716C11A9800527E0D /* NSTimer+GBToolbox.h in Headers */,
				8ACE942C16C11AE900527E0D /* NSData+GBToolbox.h in Headers */,
				8A521B0B1701CCD600A89BE4 /* GBTypes_Common.h in Headers */,
				8ACE943416C11B4C00527E0D /* NSString+GBToolbox.h in Headers */,
				8ACE943916C11B7700527E0D /* NSImage+GBToolbox.h in Headers */,
				8ACE944016C11C5B00527E0D /* GBUtility_OSX.h in Headers */,
				8ACE944416C11C6E00527E0D /* GBUtility_Common.h in Headers */,
				8ACE94F116C12CC500527E0D /* NSView+GBToolbox.h in Headers */,
				8A27D5FD16C8F3AA0071AE31 /* CALayer+GBToolbox.h in Headers */,
				8AE8348016C941BC00546249 /* GBRadialGradientView.h in Headers */,
				8A8402B816CBBC070017157C /* GBCustomViewButtonCell.h in Headers */,
				8A8402D216CBC4DB0017157C /* GBCustomImageButtonCell.h in Headers */,
				8A8402DA16CBE1FA0017157C /* GBGlowingImageButtonCell.h in Headers */,
				8A8402DE16CBE6490017157C /* GBSolidColorView.h in Headers */,
				8A66400C16F9CBB800FDD892 /* NSArray+GBToolbox.h in Headers */,
				8A521B0C1701CD1500A89BE4 /* GBTypes_OSX.h in Headers */,
				8A521B0D1701CD1F00A89BE4 /* GBMacros_OSX.h in Headers */,
				8AF78D8E173141BF00F61ECC /* GBFastArray.h in Headers */,
				8A215D071743DDDA007C7DE2 /* GBConstants_Common.h in Headers */,
				8AF92333174657BB00C8C9F4 /* NSMutableArray+GBToolbox.h in Headers */,
				8A4469901760A5F900F33E75 /* NSMutableDictionary+GBToolbox.h in Headers */,
				8A4469951760A6D400F33E75 /* NSDictionary+GBToolbox.h in Headers */,
			);
			runOnlyForDeploymentPostprocessing = 0;
		};
/* End PBXHeadersBuildPhase section */

/* Begin PBXNativeTarget section */
		8A0377FA16BFCD2F0096C448 /* GBToolbox-OSX */ = {
			isa = PBXNativeTarget;
			buildConfigurationList = 8A03780C16BFCD2F0096C448 /* Build configuration list for PBXNativeTarget "GBToolbox-OSX" */;
			buildPhases = (
				8A0377F616BFCD2F0096C448 /* Sources */,
				8A0377F716BFCD2F0096C448 /* Frameworks */,
				8A0377F816BFCD2F0096C448 /* Headers */,
				8A0377F916BFCD2F0096C448 /* Resources */,
			);
			buildRules = (
			);
			dependencies = (
			);
			name = "GBToolbox-OSX";
			productName = GBToolbox;
			productReference = 8A0377FB16BFCD2F0096C448 /* GBToolbox.framework */;
			productType = "com.apple.product-type.framework";
		};
		8A0C4E33165FA60C00A990FB /* GBToolboxUnitTests-iOS */ = {
			isa = PBXNativeTarget;
			buildConfigurationList = 8A0C4E45165FA60C00A990FB /* Build configuration list for PBXNativeTarget "GBToolboxUnitTests-iOS" */;
			buildPhases = (
				8A0C4E2F165FA60C00A990FB /* Sources */,
				8A0C4E30165FA60C00A990FB /* Frameworks */,
				8A0C4E31165FA60C00A990FB /* Resources */,
				8A0C4E32165FA60C00A990FB /* ShellScript */,
			);
			buildRules = (
			);
			dependencies = (
				8A0C4E48165FA62900A990FB /* PBXTargetDependency */,
			);
			name = "GBToolboxUnitTests-iOS";
			productName = GBToolboxUnitTests;
			productReference = 8A0C4E34165FA60C00A990FB /* GBToolboxUnitTests.octest */;
			productType = "com.apple.product-type.bundle";
		};
		8AD911B0162D9E2200C9D287 /* GBToolbox-iOS */ = {
			isa = PBXNativeTarget;
			buildConfigurationList = 8AD911BF162D9E2200C9D287 /* Build configuration list for PBXNativeTarget "GBToolbox-iOS" */;
			buildPhases = (
				8AD911AD162D9E2200C9D287 /* Sources */,
				8AD911AE162D9E2200C9D287 /* Frameworks */,
				8AD911AF162D9E2200C9D287 /* CopyFiles */,
			);
			buildRules = (
			);
			dependencies = (
			);
			name = "GBToolbox-iOS";
			productName = GBToolbox;
			productReference = 8AD911B1162D9E2200C9D287 /* libGBToolbox.a */;
			productType = "com.apple.product-type.library.static";
		};
/* End PBXNativeTarget section */

/* Begin PBXProject section */
		8AD911A8162D9E2200C9D287 /* Project object */ = {
			isa = PBXProject;
			attributes = {
				LastUpgradeCheck = 0450;
				ORGANIZATIONNAME = "Luka Mirosevic";
			};
			buildConfigurationList = 8AD911AB162D9E2200C9D287 /* Build configuration list for PBXProject "GBToolbox" */;
			compatibilityVersion = "Xcode 3.2";
			developmentRegion = English;
			hasScannedForEncodings = 0;
			knownRegions = (
				en,
			);
			mainGroup = 8AD911A6162D9E2200C9D287;
			productRefGroup = 8AD911B2162D9E2200C9D287 /* Products */;
			projectDirPath = "";
			projectRoot = "";
			targets = (
				8AD911B0162D9E2200C9D287 /* GBToolbox-iOS */,
				8A0C4E33165FA60C00A990FB /* GBToolboxUnitTests-iOS */,
				8A0377FA16BFCD2F0096C448 /* GBToolbox-OSX */,
			);
		};
/* End PBXProject section */

/* Begin PBXResourcesBuildPhase section */
		8A0377F916BFCD2F0096C448 /* Resources */ = {
			isa = PBXResourcesBuildPhase;
			buildActionMask = 2147483647;
			files = (
			);
			runOnlyForDeploymentPostprocessing = 0;
		};
		8A0C4E31165FA60C00A990FB /* Resources */ = {
			isa = PBXResourcesBuildPhase;
			buildActionMask = 2147483647;
			files = (
				8A0C4E3E165FA60C00A990FB /* InfoPlist.strings in Resources */,
			);
			runOnlyForDeploymentPostprocessing = 0;
		};
/* End PBXResourcesBuildPhase section */

/* Begin PBXShellScriptBuildPhase section */
		8A0C4E32165FA60C00A990FB /* ShellScript */ = {
			isa = PBXShellScriptBuildPhase;
			buildActionMask = 2147483647;
			files = (
			);
			inputPaths = (
			);
			outputPaths = (
			);
			runOnlyForDeploymentPostprocessing = 0;
			shellPath = /bin/sh;
			shellScript = "# Run the unit tests in this test bundle.\n\"${SYSTEM_DEVELOPER_DIR}/Tools/RunUnitTests\"\n";
		};
/* End PBXShellScriptBuildPhase section */

/* Begin PBXSourcesBuildPhase section */
		8A0377F616BFCD2F0096C448 /* Sources */ = {
			isa = PBXSourcesBuildPhase;
			buildActionMask = 2147483647;
			files = (
				8AF8C6B416C00083005A5511 /* GBResizableImageView.m in Sources */,
				8ACE941916C1198900527E0D /* NSObject+GBToolbox.m in Sources */,
				8ACE942916C11A9800527E0D /* NSTimer+GBToolbox.m in Sources */,
				8ACE942E16C11AE900527E0D /* NSData+GBToolbox.m in Sources */,
				8ACE943616C11B4C00527E0D /* NSString+GBToolbox.m in Sources */,
				8ACE943A16C11B7700527E0D /* NSImage+GBToolbox.m in Sources */,
				8ACE944116C11C5B00527E0D /* GBUtility_OSX.m in Sources */,
				8ACE944616C11C6E00527E0D /* GBUtility_Common.m in Sources */,
				8ACE94F216C12CC500527E0D /* NSView+GBToolbox.m in Sources */,
				8A27D5FE16C8F3AA0071AE31 /* CALayer+GBToolbox.m in Sources */,
				8AE8348116C941BC00546249 /* GBRadialGradientView.m in Sources */,
				8A8402B916CBBC070017157C /* GBCustomViewButtonCell.m in Sources */,
				8A8402D316CBC4DB0017157C /* GBCustomImageButtonCell.m in Sources */,
				8A8402DB16CBE1FA0017157C /* GBGlowingImageButtonCell.m in Sources */,
				8A8402DF16CBE6490017157C /* GBSolidColorView.m in Sources */,
				8A66400E16F9CBB800FDD892 /* NSArray+GBToolbox.m in Sources */,
				8AF78D90173141BF00F61ECC /* GBFastArray.m in Sources */,
				8A215D0A1743DDDA007C7DE2 /* GBConstants_Common.m in Sources */,
				8AF92335174657BB00C8C9F4 /* NSMutableArray+GBToolbox.m in Sources */,
				8A4469921760A5F900F33E75 /* NSMutableDictionary+GBToolbox.m in Sources */,
				8A4469971760A6D400F33E75 /* NSDictionary+GBToolbox.m in Sources */,
			);
			runOnlyForDeploymentPostprocessing = 0;
		};
		8A0C4E2F165FA60C00A990FB /* Sources */ = {
			isa = PBXSourcesBuildPhase;
			buildActionMask = 2147483647;
			files = (
				8A0C4E41165FA60C00A990FB /* GBToolboxUnitTests.m in Sources */,
				8A215D091743DDDA007C7DE2 /* GBConstants_Common.m in Sources */,
			);
			runOnlyForDeploymentPostprocessing = 0;
		};
		8AD911AD162D9E2200C9D287 /* Sources */ = {
			isa = PBXSourcesBuildPhase;
			buildActionMask = 2147483647;
			files = (
				8ACE941816C1198900527E0D /* NSObject+GBToolbox.m in Sources */,
				8ACE941F16C11A2300527E0D /* UITableView+GBToolbox.m in Sources */,
				8ACE942316C11A6200527E0D /* UIViewController+GBToolbox.m in Sources */,
				8ACE942816C11A9800527E0D /* NSTimer+GBToolbox.m in Sources */,
				8ACE942D16C11AE900527E0D /* NSData+GBToolbox.m in Sources */,
				8ACE943116C11B1700527E0D /* UIImage+GBToolbox.m in Sources */,
				8ACE943516C11B4C00527E0D /* NSString+GBToolbox.m in Sources */,
				8ACE943D16C11C2C00527E0D /* GBUtility_iOS.m in Sources */,
				8ACE944516C11C6E00527E0D /* GBUtility_Common.m in Sources */,
				8A27D5FF16C8F3B50071AE31 /* CALayer+GBToolbox.m in Sources */,
				8A66400D16F9CBB800FDD892 /* NSArray+GBToolbox.m in Sources */,
				8AF78D8F173141BF00F61ECC /* GBFastArray.m in Sources */,
				8A215D081743DDDA007C7DE2 /* GBConstants_Common.m in Sources */,
				8AF92334174657BB00C8C9F4 /* NSMutableArray+GBToolbox.m in Sources */,
				8A4043D8174CBF3400DF3166 /* UIView+GBToolbox.m in Sources */,
				8A4469911760A5F900F33E75 /* NSMutableDictionary+GBToolbox.m in Sources */,
				8A4469961760A6D400F33E75 /* NSDictionary+GBToolbox.m in Sources */,
			);
			runOnlyForDeploymentPostprocessing = 0;
		};
/* End PBXSourcesBuildPhase section */

/* Begin PBXTargetDependency section */
		8A0C4E48165FA62900A990FB /* PBXTargetDependency */ = {
			isa = PBXTargetDependency;
			target = 8AD911B0162D9E2200C9D287 /* GBToolbox-iOS */;
			targetProxy = 8A0C4E47165FA62900A990FB /* PBXContainerItemProxy */;
		};
/* End PBXTargetDependency section */

/* Begin PBXVariantGroup section */
		8A0C4E3C165FA60C00A990FB /* InfoPlist.strings */ = {
			isa = PBXVariantGroup;
			children = (
				8A0C4E3D165FA60C00A990FB /* en */,
			);
			name = InfoPlist.strings;
			sourceTree = "<group>";
		};
/* End PBXVariantGroup section */

/* Begin XCBuildConfiguration section */
		8A03780D16BFCD2F0096C448 /* Debug */ = {
			isa = XCBuildConfiguration;
			buildSettings = {
				ARCHS = "$(ARCHS_STANDARD_64_BIT)";
				CLANG_WARN_CONSTANT_CONVERSION = YES;
				CLANG_WARN_ENUM_CONVERSION = YES;
				CLANG_WARN_INT_CONVERSION = YES;
				COMBINE_HIDPI_IMAGES = YES;
				DYLIB_COMPATIBILITY_VERSION = 1;
				DYLIB_CURRENT_VERSION = 1;
				FRAMEWORK_SEARCH_PATHS = (
					"$(inherited)",
					"\"$(SYSTEM_APPS_DIR)/Xcode.app/Contents/Developer/Library/Frameworks\"",
				);
				FRAMEWORK_VERSION = A;
				GCC_ENABLE_OBJC_EXCEPTIONS = YES;
				GCC_PRECOMPILE_PREFIX_HEADER = YES;
				GCC_PREFIX_HEADER = "GBToolbox/GBToolbox-Prefix.pch";
				GCC_PREPROCESSOR_DEFINITIONS = (
					"IPHONE=0",
					"$(inherited)",
				);
				GCC_WARN_64_TO_32_BIT_CONVERSION = YES;
				INFOPLIST_FILE = "GBToolbox/GBToolbox-Info.plist";
				INSTALL_PATH = "@executable_path/../Frameworks";
				PRODUCT_NAME = GBToolbox;
				SDKROOT = macosx;
				WRAPPER_EXTENSION = framework;
			};
			name = Debug;
		};
		8A03780E16BFCD2F0096C448 /* Release */ = {
			isa = XCBuildConfiguration;
			buildSettings = {
				ARCHS = "$(ARCHS_STANDARD_64_BIT)";
				CLANG_WARN_CONSTANT_CONVERSION = YES;
				CLANG_WARN_ENUM_CONVERSION = YES;
				CLANG_WARN_INT_CONVERSION = YES;
				COMBINE_HIDPI_IMAGES = YES;
				COPY_PHASE_STRIP = YES;
				DEBUG_INFORMATION_FORMAT = "dwarf-with-dsym";
				DYLIB_COMPATIBILITY_VERSION = 1;
				DYLIB_CURRENT_VERSION = 1;
				FRAMEWORK_SEARCH_PATHS = (
					"$(inherited)",
					"\"$(SYSTEM_APPS_DIR)/Xcode.app/Contents/Developer/Library/Frameworks\"",
				);
				FRAMEWORK_VERSION = A;
				GCC_ENABLE_OBJC_EXCEPTIONS = YES;
				GCC_PRECOMPILE_PREFIX_HEADER = YES;
				GCC_PREFIX_HEADER = "GBToolbox/GBToolbox-Prefix.pch";
				GCC_PREPROCESSOR_DEFINITIONS = "IPHONE=0";
				GCC_WARN_64_TO_32_BIT_CONVERSION = YES;
				INFOPLIST_FILE = "GBToolbox/GBToolbox-Info.plist";
				INSTALL_PATH = "@executable_path/../Frameworks";
				PRODUCT_NAME = GBToolbox;
				SDKROOT = macosx;
				WRAPPER_EXTENSION = framework;
			};
			name = Release;
		};
		8A0C4E43165FA60C00A990FB /* Debug */ = {
			isa = XCBuildConfiguration;
			buildSettings = {
				BUNDLE_LOADER = "";
				FRAMEWORK_SEARCH_PATHS = (
					"\"$(SDKROOT)/Developer/Library/Frameworks\"",
					"\"$(DEVELOPER_LIBRARY_DIR)/Frameworks\"",
				);
				GCC_PRECOMPILE_PREFIX_HEADER = YES;
				GCC_PREFIX_HEADER = "GBToolboxUnitTests/GBToolboxUnitTests-Prefix.pch";
				INFOPLIST_FILE = "GBToolboxUnitTests/GBToolboxUnitTests-Info.plist";
				IPHONEOS_DEPLOYMENT_TARGET = 6.0;
				OTHER_LDFLAGS = "-ObjC";
				PRODUCT_NAME = "$(TARGET_NAME)";
				WRAPPER_EXTENSION = octest;
			};
			name = Debug;
		};
		8A0C4E44165FA60C00A990FB /* Release */ = {
			isa = XCBuildConfiguration;
			buildSettings = {
				BUNDLE_LOADER = "";
				COPY_PHASE_STRIP = YES;
				FRAMEWORK_SEARCH_PATHS = (
					"\"$(SDKROOT)/Developer/Library/Frameworks\"",
					"\"$(DEVELOPER_LIBRARY_DIR)/Frameworks\"",
				);
				GCC_PRECOMPILE_PREFIX_HEADER = YES;
				GCC_PREFIX_HEADER = "GBToolboxUnitTests/GBToolboxUnitTests-Prefix.pch";
				INFOPLIST_FILE = "GBToolboxUnitTests/GBToolboxUnitTests-Info.plist";
				IPHONEOS_DEPLOYMENT_TARGET = 6.0;
				OTHER_LDFLAGS = "-ObjC";
				PRODUCT_NAME = "$(TARGET_NAME)";
				WRAPPER_EXTENSION = octest;
			};
			name = Release;
		};
		8AD911BD162D9E2200C9D287 /* Debug */ = {
			isa = XCBuildConfiguration;
			buildSettings = {
				ALWAYS_SEARCH_USER_PATHS = NO;
				CLANG_CXX_LANGUAGE_STANDARD = "gnu++0x";
				CLANG_CXX_LIBRARY = "libc++";
				CLANG_ENABLE_OBJC_ARC = YES;
				CLANG_WARN_EMPTY_BODY = YES;
				CLANG_WARN__DUPLICATE_METHOD_MATCH = YES;
				COPY_PHASE_STRIP = NO;
				DEAD_CODE_STRIPPING = NO;
				GCC_C_LANGUAGE_STANDARD = gnu99;
				GCC_DYNAMIC_NO_PIC = NO;
				GCC_OPTIMIZATION_LEVEL = 0;
				GCC_PREPROCESSOR_DEFINITIONS = (
					"DEBUG=1",
					"$(inherited)",
				);
				GCC_SYMBOLS_PRIVATE_EXTERN = NO;
				GCC_WARN_ABOUT_RETURN_TYPE = YES;
				GCC_WARN_UNINITIALIZED_AUTOS = YES;
				GCC_WARN_UNUSED_VARIABLE = YES;
				HEADER_SEARCH_PATHS = "";
				IPHONEOS_DEPLOYMENT_TARGET = 5.0;
				MACOSX_DEPLOYMENT_TARGET = 10.6;
				OTHER_LDFLAGS = "-ObjC";
				SDKROOT = iphoneos;
				SKIP_INSTALL = YES;
			};
			name = Debug;
		};
		8AD911BE162D9E2200C9D287 /* Release */ = {
			isa = XCBuildConfiguration;
			buildSettings = {
				ALWAYS_SEARCH_USER_PATHS = NO;
				CLANG_CXX_LANGUAGE_STANDARD = "gnu++0x";
				CLANG_CXX_LIBRARY = "libc++";
				CLANG_ENABLE_OBJC_ARC = YES;
				CLANG_WARN_EMPTY_BODY = YES;
				CLANG_WARN__DUPLICATE_METHOD_MATCH = YES;
				COPY_PHASE_STRIP = NO;
				DEAD_CODE_STRIPPING = NO;
				GCC_C_LANGUAGE_STANDARD = gnu99;
				GCC_WARN_ABOUT_RETURN_TYPE = YES;
				GCC_WARN_UNINITIALIZED_AUTOS = YES;
				GCC_WARN_UNUSED_VARIABLE = YES;
				HEADER_SEARCH_PATHS = "";
				IPHONEOS_DEPLOYMENT_TARGET = 5.0;
				MACOSX_DEPLOYMENT_TARGET = 10.6;
				OTHER_LDFLAGS = "-ObjC";
				SDKROOT = iphoneos;
				SKIP_INSTALL = YES;
				VALIDATE_PRODUCT = YES;
			};
			name = Release;
		};
		8AD911C0162D9E2200C9D287 /* Debug */ = {
			isa = XCBuildConfiguration;
			buildSettings = {
				DSTROOT = /tmp/GBToolbox.dst;
				GCC_PRECOMPILE_PREFIX_HEADER = YES;
				GCC_PREFIX_HEADER = "GBToolbox/GBToolbox-Prefix.pch";
				GCC_PREPROCESSOR_DEFINITIONS = (
					"$(inherited)",
					"IPHONE=1",
				);
				HEADER_SEARCH_PATHS = "";
				OTHER_LDFLAGS = "-ObjC";
				PRODUCT_NAME = GBToolbox;
				SKIP_INSTALL = YES;
			};
			name = Debug;
		};
		8AD911C1162D9E2200C9D287 /* Release */ = {
			isa = XCBuildConfiguration;
			buildSettings = {
				COPY_PHASE_STRIP = NO;
				DSTROOT = /tmp/GBToolbox.dst;
				GCC_PRECOMPILE_PREFIX_HEADER = YES;
				GCC_PREFIX_HEADER = "GBToolbox/GBToolbox-Prefix.pch";
				GCC_PREPROCESSOR_DEFINITIONS = "IPHONE=1";
				HEADER_SEARCH_PATHS = "";
				OTHER_LDFLAGS = "-ObjC";
				PRODUCT_NAME = GBToolbox;
				SKIP_INSTALL = YES;
			};
			name = Release;
		};
/* End XCBuildConfiguration section */

/* Begin XCConfigurationList section */
		8A03780C16BFCD2F0096C448 /* Build configuration list for PBXNativeTarget "GBToolbox-OSX" */ = {
			isa = XCConfigurationList;
			buildConfigurations = (
				8A03780D16BFCD2F0096C448 /* Debug */,
				8A03780E16BFCD2F0096C448 /* Release */,
			);
			defaultConfigurationIsVisible = 0;
			defaultConfigurationName = Release;
		};
		8A0C4E45165FA60C00A990FB /* Build configuration list for PBXNativeTarget "GBToolboxUnitTests-iOS" */ = {
			isa = XCConfigurationList;
			buildConfigurations = (
				8A0C4E43165FA60C00A990FB /* Debug */,
				8A0C4E44165FA60C00A990FB /* Release */,
			);
			defaultConfigurationIsVisible = 0;
			defaultConfigurationName = Release;
		};
		8AD911AB162D9E2200C9D287 /* Build configuration list for PBXProject "GBToolbox" */ = {
			isa = XCConfigurationList;
			buildConfigurations = (
				8AD911BD162D9E2200C9D287 /* Debug */,
				8AD911BE162D9E2200C9D287 /* Release */,
			);
			defaultConfigurationIsVisible = 0;
			defaultConfigurationName = Release;
		};
		8AD911BF162D9E2200C9D287 /* Build configuration list for PBXNativeTarget "GBToolbox-iOS" */ = {
			isa = XCConfigurationList;
			buildConfigurations = (
				8AD911C0162D9E2200C9D287 /* Debug */,
				8AD911C1162D9E2200C9D287 /* Release */,
			);
			defaultConfigurationIsVisible = 0;
			defaultConfigurationName = Release;
		};
/* End XCConfigurationList section */
	};
	rootObject = 8AD911A8162D9E2200C9D287 /* Project object */;
}
